// !$*UTF8*$!
{
	archiveVersion = 1;
	classes = {
	};
	objectVersion = 56;
	objects = {

/* Begin PBXBuildFile section */
		8B0000010000000000000001 /* AsianLanguageApp.swift in Sources */ = {isa = PBXBuildFile; fileRef = 8B0001010000000000000001 /* AsianLanguageApp.swift */; };
		8B0000010000000000000002 /* AppDependencies.swift in Sources */ = {isa = PBXBuildFile; fileRef = 8B0001010000000000000002 /* AppDependencies.swift */; };
		8B0000010000000000000003 /* FocusTrack.swift in Sources */ = {isa = PBXBuildFile; fileRef = 8B0001010000000000000003 /* FocusTrack.swift */; };
		8B0000010000000000000004 /* AppTab.swift in Sources */ = {isa = PBXBuildFile; fileRef = 8B0001010000000000000004 /* AppTab.swift */; };
		8B0000010000000000000005 /* RootTabView.swift in Sources */ = {isa = PBXBuildFile; fileRef = 8B0001010000000000000005 /* RootTabView.swift */; };
		8B0000010000000000000006 /* HomeView.swift in Sources */ = {isa = PBXBuildFile; fileRef = 8B0001010000000000000006 /* HomeView.swift */; };
		8B0000010000000000000007 /* SearchView.swift in Sources */ = {isa = PBXBuildFile; fileRef = 8B0001010000000000000007 /* SearchView.swift */; };
		8B0000010000000000000008 /* BrowseView.swift in Sources */ = {isa = PBXBuildFile; fileRef = 8B0001010000000000000008 /* BrowseView.swift */; };
		8B0000010000000000000009 /* CollectionsView.swift in Sources */ = {isa = PBXBuildFile; fileRef = 8B0001010000000000000009 /* CollectionsView.swift */; };
		8B000001000000000000000A /* SettingsView.swift in Sources */ = {isa = PBXBuildFile; fileRef = 8B000101000000000000000A /* SettingsView.swift */; };
		8B000001000000000000000B /* LessonStep.swift in Sources */ = {isa = PBXBuildFile; fileRef = 8B000101000000000000000B /* LessonStep.swift */; };
		8B000001000000000000000C /* LessonRoute.swift in Sources */ = {isa = PBXBuildFile; fileRef = 8B000101000000000000000C /* LessonRoute.swift */; };
		8B000001000000000000000D /* PlaceholderScreen.swift in Sources */ = {isa = PBXBuildFile; fileRef = 8B000101000000000000000D /* PlaceholderScreen.swift */; };
		8B000001000000000000000E /* tree.json in Resources */ = {isa = PBXBuildFile; fileRef = 8B000101000000000000000E /* tree.json */; };
		8B000001000000000000000F /* SharedCharacterRecord.swift in Sources */ = {isa = PBXBuildFile; fileRef = 8B000101000000000000000F /* SharedCharacterRecord.swift */; };
		8B0000010000000000000010 /* BundleCorpusRepository.swift in Sources */ = {isa = PBXBuildFile; fileRef = 8B0001010000000000000010 /* BundleCorpusRepository.swift */; };
		8B0000010000000000000012 /* LessonRouteTests.swift in Sources */ = {isa = PBXBuildFile; fileRef = 8B0001010000000000000012 /* LessonRouteTests.swift */; };
		8B0000010000000000000013 /* SharedCharacterRecordTests.swift in Sources */ = {isa = PBXBuildFile; fileRef = 8B0001010000000000000013 /* SharedCharacterRecordTests.swift */; };
		8B0000010000000000000014 /* tree.json in Resources */ = {isa = PBXBuildFile; fileRef = 8B000101000000000000000E /* tree.json */; };
		8B0000010000000000000015 /* AppUserState.swift in Sources */ = {isa = PBXBuildFile; fileRef = 8B0001010000000000000015 /* AppUserState.swift */; };
		8B0000010000000000000016 /* LocalUserStateStore.swift in Sources */ = {isa = PBXBuildFile; fileRef = 8B0001010000000000000016 /* LocalUserStateStore.swift */; };
		8B0000010000000000000017 /* UserStateTests.swift in Sources */ = {isa = PBXBuildFile; fileRef = 8B0001010000000000000017 /* UserStateTests.swift */; };
		8B0000010000000000000018 /* LessonView.swift in Sources */ = {isa = PBXBuildFile; fileRef = 8B0001010000000000000018 /* LessonView.swift */; };
		8B0000010000000000000019 /* SharedCharacterSearchIndex.swift in Sources */ = {isa = PBXBuildFile; fileRef = 8B0001010000000000000019 /* SharedCharacterSearchIndex.swift */; };
		8B000001000000000000001A /* DiscoveryTests.swift in Sources */ = {isa = PBXBuildFile; fileRef = 8B000101000000000000001A /* DiscoveryTests.swift */; };
		8B000001000000000000001B /* CharacterEvolutionView.swift in Sources */ = {isa = PBXBuildFile; fileRef = 8B000101000000000000001B /* CharacterEvolutionView.swift */; };
		8B000001000000000000001C /* ModernFormsComparisonView.swift in Sources */ = {isa = PBXBuildFile; fileRef = 8B000101000000000000001C /* ModernFormsComparisonView.swift */; };
		8B000001000000000000001D /* AboutMethodView.swift in Sources */ = {isa = PBXBuildFile; fileRef = 8B000101000000000000001D /* AboutMethodView.swift */; };
		8B000001000000000000001E /* PrototypeCorpusManifest.swift in Sources */ = {isa = PBXBuildFile; fileRef = 8B000101000000000000001E /* PrototypeCorpusManifest.swift */; };
		8B000001000000000000001F /* Corpus in Resources */ = {isa = PBXBuildFile; fileRef = 8B000101000000000000001F /* Corpus */; };
		8B0000010000000000000020 /* PrototypeVisuals in Resources */ = {isa = PBXBuildFile; fileRef = 8B0001010000000000000020 /* PrototypeVisuals */; };
		8B0000010000000000000021 /* Corpus in Resources */ = {isa = PBXBuildFile; fileRef = 8B000101000000000000001F /* Corpus */; };
		8B0000010000000000000022 /* PrototypeVisuals in Resources */ = {isa = PBXBuildFile; fileRef = 8B0001010000000000000020 /* PrototypeVisuals */; };
		8B0000010000000000000023 /* UsageExamplesView.swift in Sources */ = {isa = PBXBuildFile; fileRef = 8B0001010000000000000023 /* UsageExamplesView.swift */; };
/* End PBXBuildFile section */

/* Begin PBXContainerItemProxy section */
		8B000A010000000000000001 /* PBXContainerItemProxy */ = {
			isa = PBXContainerItemProxy;
			containerPortal = 8B0008010000000000000001 /* Project object */;
			proxyType = 1;
			remoteGlobalIDString = 8B0005010000000000000001;
			remoteInfo = AsianLanguage;
		};
/* End PBXContainerItemProxy section */

/* Begin PBXFileReference section */
		8B0001010000000000000001 /* AsianLanguageApp.swift */ = {isa = PBXFileReference; lastKnownFileType = sourcecode.swift; path = AsianLanguageApp.swift; sourceTree = "<group>"; };
		8B0001010000000000000002 /* AppDependencies.swift */ = {isa = PBXFileReference; lastKnownFileType = sourcecode.swift; path = AppDependencies.swift; sourceTree = "<group>"; };
		8B0001010000000000000003 /* FocusTrack.swift */ = {isa = PBXFileReference; lastKnownFileType = sourcecode.swift; path = FocusTrack.swift; sourceTree = "<group>"; };
		8B0001010000000000000004 /* AppTab.swift */ = {isa = PBXFileReference; lastKnownFileType = sourcecode.swift; path = AppTab.swift; sourceTree = "<group>"; };
		8B0001010000000000000005 /* RootTabView.swift */ = {isa = PBXFileReference; lastKnownFileType = sourcecode.swift; path = RootTabView.swift; sourceTree = "<group>"; };
		8B0001010000000000000006 /* HomeView.swift */ = {isa = PBXFileReference; lastKnownFileType = sourcecode.swift; path = HomeView.swift; sourceTree = "<group>"; };
		8B0001010000000000000007 /* SearchView.swift */ = {isa = PBXFileReference; lastKnownFileType = sourcecode.swift; path = SearchView.swift; sourceTree = "<group>"; };
		8B0001010000000000000008 /* BrowseView.swift */ = {isa = PBXFileReference; lastKnownFileType = sourcecode.swift; path = BrowseView.swift; sourceTree = "<group>"; };
		8B0001010000000000000009 /* CollectionsView.swift */ = {isa = PBXFileReference; lastKnownFileType = sourcecode.swift; path = CollectionsView.swift; sourceTree = "<group>"; };
		8B000101000000000000000A /* SettingsView.swift */ = {isa = PBXFileReference; lastKnownFileType = sourcecode.swift; path = SettingsView.swift; sourceTree = "<group>"; };
		8B000101000000000000000B /* LessonStep.swift */ = {isa = PBXFileReference; lastKnownFileType = sourcecode.swift; path = LessonStep.swift; sourceTree = "<group>"; };
		8B000101000000000000000C /* LessonRoute.swift */ = {isa = PBXFileReference; lastKnownFileType = sourcecode.swift; path = LessonRoute.swift; sourceTree = "<group>"; };
		8B000101000000000000000D /* PlaceholderScreen.swift */ = {isa = PBXFileReference; lastKnownFileType = sourcecode.swift; path = PlaceholderScreen.swift; sourceTree = "<group>"; };
		8B000101000000000000000E /* tree.json */ = {isa = PBXFileReference; lastKnownFileType = text.json; path = tree.json; sourceTree = "<group>"; };
		8B000101000000000000000F /* SharedCharacterRecord.swift */ = {isa = PBXFileReference; lastKnownFileType = sourcecode.swift; path = SharedCharacterRecord.swift; sourceTree = "<group>"; };
		8B0001010000000000000010 /* BundleCorpusRepository.swift */ = {isa = PBXFileReference; lastKnownFileType = sourcecode.swift; path = BundleCorpusRepository.swift; sourceTree = "<group>"; };
		8B0001010000000000000012 /* LessonRouteTests.swift */ = {isa = PBXFileReference; lastKnownFileType = sourcecode.swift; path = LessonRouteTests.swift; sourceTree = "<group>"; };
		8B0001010000000000000013 /* SharedCharacterRecordTests.swift */ = {isa = PBXFileReference; lastKnownFileType = sourcecode.swift; path = SharedCharacterRecordTests.swift; sourceTree = "<group>"; };
		8B0001010000000000000015 /* AppUserState.swift */ = {isa = PBXFileReference; lastKnownFileType = sourcecode.swift; path = AppUserState.swift; sourceTree = "<group>"; };
		8B0001010000000000000016 /* LocalUserStateStore.swift */ = {isa = PBXFileReference; lastKnownFileType = sourcecode.swift; path = LocalUserStateStore.swift; sourceTree = "<group>"; };
		8B0001010000000000000017 /* UserStateTests.swift */ = {isa = PBXFileReference; lastKnownFileType = sourcecode.swift; path = UserStateTests.swift; sourceTree = "<group>"; };
		8B0001010000000000000018 /* LessonView.swift */ = {isa = PBXFileReference; lastKnownFileType = sourcecode.swift; path = LessonView.swift; sourceTree = "<group>"; };
		8B0001010000000000000019 /* SharedCharacterSearchIndex.swift */ = {isa = PBXFileReference; lastKnownFileType = sourcecode.swift; path = SharedCharacterSearchIndex.swift; sourceTree = "<group>"; };
		8B000101000000000000001A /* DiscoveryTests.swift */ = {isa = PBXFileReference; lastKnownFileType = sourcecode.swift; path = DiscoveryTests.swift; sourceTree = "<group>"; };
		8B000101000000000000001B /* CharacterEvolutionView.swift */ = {isa = PBXFileReference; lastKnownFileType = sourcecode.swift; path = CharacterEvolutionView.swift; sourceTree = "<group>"; };
		8B000101000000000000001C /* ModernFormsComparisonView.swift */ = {isa = PBXFileReference; lastKnownFileType = sourcecode.swift; path = ModernFormsComparisonView.swift; sourceTree = "<group>"; };
		8B000101000000000000001D /* AboutMethodView.swift */ = {isa = PBXFileReference; lastKnownFileType = sourcecode.swift; path = AboutMethodView.swift; sourceTree = "<group>"; };
		8B000101000000000000001E /* PrototypeCorpusManifest.swift */ = {isa = PBXFileReference; lastKnownFileType = sourcecode.swift; path = PrototypeCorpusManifest.swift; sourceTree = "<group>"; };
		8B000101000000000000001F /* Corpus */ = {isa = PBXFileReference; lastKnownFileType = folder; path = Corpus; sourceTree = "<group>"; };
		8B0001010000000000000020 /* PrototypeVisuals */ = {isa = PBXFileReference; lastKnownFileType = folder; path = Assets/PrototypeVisuals; sourceTree = "<group>"; };
		8B0001010000000000000023 /* UsageExamplesView.swift */ = {isa = PBXFileReference; lastKnownFileType = sourcecode.swift; path = UsageExamplesView.swift; sourceTree = "<group>"; };
		8B0002010000000000000001 /* AsianLanguage.app */ = {isa = PBXFileReference; explicitFileType = wrapper.application; includeInIndex = 0; path = AsianLanguage.app; sourceTree = BUILT_PRODUCTS_DIR; };
		8B0002010000000000000002 /* AsianLanguageTests.xctest */ = {isa = PBXFileReference; explicitFileType = wrapper.cfbundle; includeInIndex = 0; path = AsianLanguageTests.xctest; sourceTree = BUILT_PRODUCTS_DIR; };
/* End PBXFileReference section */

/* Begin PBXFrameworksBuildPhase section */
		8B0003010000000000000001 /* Frameworks */ = {
			isa = PBXFrameworksBuildPhase;
			buildActionMask = 2147483647;
			files = (
			);
			runOnlyForDeploymentPostprocessing = 0;
		};
		8B0003010000000000000002 /* Frameworks */ = {
			isa = PBXFrameworksBuildPhase;
			buildActionMask = 2147483647;
			files = (
			);
			runOnlyForDeploymentPostprocessing = 0;
		};
/* End PBXFrameworksBuildPhase section */

/* Begin PBXGroup section */
		8B0004010000000000000001 = {
			isa = PBXGroup;
			children = (
				8B0004010000000000000002 /* Sources */,
				8B0004010000000000000012 /* Tests */,
				8B0004010000000000000010 /* Resources */,
				8B000401000000000000000F /* Products */,
			);
			sourceTree = "<group>";
		};
		8B0004010000000000000002 /* Sources */ = {
			isa = PBXGroup;
			children = (
				8B0004010000000000000003 /* App */,
			);
			path = Sources;
			sourceTree = "<group>";
		};
		8B0004010000000000000003 /* App */ = {
			isa = PBXGroup;
			children = (
				8B0004010000000000000004 /* Core */,
				8B0004010000000000000016 /* Corpus */,
				8B0004010000000000000005 /* Navigation */,
				8B0004010000000000000006 /* Home */,
				8B0004010000000000000007 /* Search */,
				8B0004010000000000000008 /* Browse */,
				8B0004010000000000000015 /* Discovery */,
				8B0004010000000000000009 /* Collections */,
				8B000401000000000000000A /* Settings */,
				8B000401000000000000000B /* Lesson */,
				8B0004010000000000000014 /* UserState */,
				8B000401000000000000000C /* SharedUI */,
			);
			path = App;
			sourceTree = "<group>";
		};
		8B0004010000000000000004 /* Core */ = {
			isa = PBXGroup;
			children = (
				8B0001010000000000000001 /* AsianLanguageApp.swift */,
				8B0001010000000000000002 /* AppDependencies.swift */,
				8B0001010000000000000003 /* FocusTrack.swift */,
			);
			path = Core;
			sourceTree = "<group>";
		};
		8B0004010000000000000005 /* Navigation */ = {
			isa = PBXGroup;
			children = (
				8B0001010000000000000004 /* AppTab.swift */,
				8B0001010000000000000005 /* RootTabView.swift */,
			);
			path = Navigation;
			sourceTree = "<group>";
		};
		8B0004010000000000000016 /* Corpus */ = {
			isa = PBXGroup;
			children = (
				8B000101000000000000000F /* SharedCharacterRecord.swift */,
				8B0001010000000000000010 /* BundleCorpusRepository.swift */,
				8B000101000000000000001E /* PrototypeCorpusManifest.swift */,
			);
			path = Corpus;
			sourceTree = "<group>";
		};
		8B0004010000000000000006 /* Home */ = {
			isa = PBXGroup;
			children = (
				8B0001010000000000000006 /* HomeView.swift */,
			);
			path = Home;
			sourceTree = "<group>";
		};
		8B0004010000000000000007 /* Search */ = {
			isa = PBXGroup;
			children = (
				8B0001010000000000000007 /* SearchView.swift */,
			);
			path = Search;
			sourceTree = "<group>";
		};
		8B0004010000000000000008 /* Browse */ = {
			isa = PBXGroup;
			children = (
				8B0001010000000000000008 /* BrowseView.swift */,
			);
			path = Browse;
			sourceTree = "<group>";
		};
		8B0004010000000000000015 /* Discovery */ = {
			isa = PBXGroup;
			children = (
				8B0001010000000000000019 /* SharedCharacterSearchIndex.swift */,
			);
			path = Discovery;
			sourceTree = "<group>";
		};
		8B0004010000000000000009 /* Collections */ = {
			isa = PBXGroup;
			children = (
				8B0001010000000000000009 /* CollectionsView.swift */,
			);
			path = Collections;
			sourceTree = "<group>";
		};
		8B000401000000000000000A /* Settings */ = {
			isa = PBXGroup;
			children = (
				8B000101000000000000000A /* SettingsView.swift */,
				8B000101000000000000001D /* AboutMethodView.swift */,
			);
			path = Settings;
			sourceTree = "<group>";
		};
		8B000401000000000000000B /* Lesson */ = {
			isa = PBXGroup;
			children = (
				8B000101000000000000000B /* LessonStep.swift */,
				8B000101000000000000000C /* LessonRoute.swift */,
				8B0001010000000000000018 /* LessonView.swift */,
				8B0001010000000000000023 /* UsageExamplesView.swift */,
				8B000101000000000000001B /* CharacterEvolutionView.swift */,
				8B000101000000000000001C /* ModernFormsComparisonView.swift */,
			);
			path = Lesson;
			sourceTree = "<group>";
		};
		8B000401000000000000000C /* SharedUI */ = {
			isa = PBXGroup;
			children = (
				8B000101000000000000000D /* PlaceholderScreen.swift */,
			);
			path = SharedUI;
			sourceTree = "<group>";
		};
		8B0004010000000000000014 /* UserState */ = {
			isa = PBXGroup;
			children = (
				8B0001010000000000000015 /* AppUserState.swift */,
				8B0001010000000000000016 /* LocalUserStateStore.swift */,
			);
			path = UserState;
			sourceTree = "<group>";
		};
		8B0004010000000000000010 /* Resources */ = {
			isa = PBXGroup;
			children = (
				8B0004010000000000000011 /* Corpus */,
				8B000101000000000000001F /* Corpus */,
				8B0001010000000000000020 /* PrototypeVisuals */,
			);
			path = Resources;
			sourceTree = "<group>";
		};
		8B0004010000000000000012 /* Tests */ = {
			isa = PBXGroup;
			children = (
				8B0004010000000000000013 /* AsianLanguageTests */,
			);
			path = Tests;
			sourceTree = "<group>";
		};
		8B0004010000000000000013 /* AsianLanguageTests */ = {
			isa = PBXGroup;
			children = (
				8B0001010000000000000012 /* LessonRouteTests.swift */,
				8B0001010000000000000013 /* SharedCharacterRecordTests.swift */,
				8B0001010000000000000017 /* UserStateTests.swift */,
				8B000101000000000000001A /* DiscoveryTests.swift */,
			);
			path = AsianLanguageTests;
			sourceTree = "<group>";
		};
		8B0004010000000000000011 /* Corpus */ = {
			isa = PBXGroup;
			children = (
				8B000101000000000000000E /* tree.json */,
			);
			path = Corpus;
			sourceTree = "<group>";
		};
		8B000401000000000000000F /* Products */ = {
			isa = PBXGroup;
			children = (
				8B0002010000000000000001 /* AsianLanguage.app */,
				8B0002010000000000000002 /* AsianLanguageTests.xctest */,
			);
			name = Products;
			sourceTree = "<group>";
		};
/* End PBXGroup section */

/* Begin PBXNativeTarget section */
		8B0005010000000000000001 /* AsianLanguage */ = {
			isa = PBXNativeTarget;
			buildConfigurationList = 8B0007010000000000000002 /* Build configuration list for PBXNativeTarget "AsianLanguage" */;
			buildPhases = (
				8B0006010000000000000001 /* Sources */,
				8B0003010000000000000001 /* Frameworks */,
				8B0006010000000000000002 /* Resources */,
			);
			buildRules = (
			);
			dependencies = (
			);
			name = AsianLanguage;
			productName = AsianLanguage;
			productReference = 8B0002010000000000000001 /* AsianLanguage.app */;
			productType = "com.apple.product-type.application";
		};
		8B0005010000000000000002 /* AsianLanguageTests */ = {
			isa = PBXNativeTarget;
			buildConfigurationList = 8B0007010000000000000003 /* Build configuration list for PBXNativeTarget "AsianLanguageTests" */;
			buildPhases = (
				8B0006010000000000000003 /* Sources */,
				8B0003010000000000000002 /* Frameworks */,
				8B0006010000000000000004 /* Resources */,
			);
			buildRules = (
			);
			dependencies = (
				8B000B010000000000000001 /* PBXTargetDependency */,
			);
			name = AsianLanguageTests;
			productName = AsianLanguageTests;
			productReference = 8B0002010000000000000002 /* AsianLanguageTests.xctest */;
			productType = "com.apple.product-type.bundle.unit-test";
		};
/* End PBXNativeTarget section */

/* Begin PBXProject section */
		8B0008010000000000000001 /* Project object */ = {
			isa = PBXProject;
			attributes = {
				BuildIndependentTargetsInParallel = 1;
				LastSwiftUpdateCheck = 1540;
				LastUpgradeCheck = 1540;
				TargetAttributes = {
					8B0005010000000000000001 = {
						CreatedOnToolsVersion = 15.4;
					};
				};
			};
			buildConfigurationList = 8B0007010000000000000001 /* Build configuration list for PBXProject "AsianLanguage" */;
			compatibilityVersion = "Xcode 14.0";
			developmentRegion = en;
			hasScannedForEncodings = 0;
			knownRegions = (
				en,
				Base,
			);
			mainGroup = 8B0004010000000000000001;
			productRefGroup = 8B000401000000000000000F /* Products */;
			projectDirPath = "";
			projectRoot = "";
			targets = (
				8B0005010000000000000001 /* AsianLanguage */,
				8B0005010000000000000002 /* AsianLanguageTests */,
			);
		};
/* End PBXProject section */

/* Begin PBXResourcesBuildPhase section */
		8B0006010000000000000002 /* Resources */ = {
			isa = PBXResourcesBuildPhase;
			buildActionMask = 2147483647;
			files = (
				8B000001000000000000000E /* tree.json in Resources */,
				8B000001000000000000001F /* Corpus in Resources */,
				8B0000010000000000000020 /* PrototypeVisuals in Resources */,
			);
			runOnlyForDeploymentPostprocessing = 0;
		};
		8B0006010000000000000004 /* Resources */ = {
			isa = PBXResourcesBuildPhase;
			buildActionMask = 2147483647;
			files = (
				8B0000010000000000000014 /* tree.json in Resources */,
				8B0000010000000000000021 /* Corpus in Resources */,
				8B0000010000000000000022 /* PrototypeVisuals in Resources */,
			);
			runOnlyForDeploymentPostprocessing = 0;
		};
/* End PBXResourcesBuildPhase section */

/* Begin PBXSourcesBuildPhase section */
		8B0006010000000000000001 /* Sources */ = {
			isa = PBXSourcesBuildPhase;
			buildActionMask = 2147483647;
			files = (
				8B0000010000000000000001 /* AsianLanguageApp.swift in Sources */,
				8B0000010000000000000002 /* AppDependencies.swift in Sources */,
				8B0000010000000000000003 /* FocusTrack.swift in Sources */,
				8B0000010000000000000004 /* AppTab.swift in Sources */,
				8B0000010000000000000005 /* RootTabView.swift in Sources */,
				8B0000010000000000000006 /* HomeView.swift in Sources */,
				8B0000010000000000000007 /* SearchView.swift in Sources */,
				8B0000010000000000000008 /* BrowseView.swift in Sources */,
				8B0000010000000000000009 /* CollectionsView.swift in Sources */,
				8B000001000000000000000A /* SettingsView.swift in Sources */,
				8B000001000000000000000B /* LessonStep.swift in Sources */,
				8B000001000000000000000C /* LessonRoute.swift in Sources */,
				8B000001000000000000000D /* PlaceholderScreen.swift in Sources */,
				8B000001000000000000000F /* SharedCharacterRecord.swift in Sources */,
				8B0000010000000000000010 /* BundleCorpusRepository.swift in Sources */,
				8B0000010000000000000015 /* AppUserState.swift in Sources */,
				8B0000010000000000000016 /* LocalUserStateStore.swift in Sources */,
				8B0000010000000000000018 /* LessonView.swift in Sources */,
				8B0000010000000000000019 /* SharedCharacterSearchIndex.swift in Sources */,
				8B000001000000000000001B /* CharacterEvolutionView.swift in Sources */,
				8B000001000000000000001C /* ModernFormsComparisonView.swift in Sources */,
				8B000001000000000000001D /* AboutMethodView.swift in Sources */,
				8B000001000000000000001E /* PrototypeCorpusManifest.swift in Sources */,
				8B0000010000000000000023 /* UsageExamplesView.swift in Sources */,
			);
			runOnlyForDeploymentPostprocessing = 0;
		};
		8B0006010000000000000003 /* Sources */ = {
			isa = PBXSourcesBuildPhase;
			buildActionMask = 2147483647;
			files = (
				8B0000010000000000000012 /* LessonRouteTests.swift in Sources */,
				8B0000010000000000000013 /* SharedCharacterRecordTests.swift in Sources */,
				8B0000010000000000000017 /* UserStateTests.swift in Sources */,
				8B000001000000000000001A /* DiscoveryTests.swift in Sources */,
			);
			runOnlyForDeploymentPostprocessing = 0;
		};
/* End PBXSourcesBuildPhase section */

/* Begin PBXTargetDependency section */
		8B000B010000000000000001 /* PBXTargetDependency */ = {
			isa = PBXTargetDependency;
			target = 8B0005010000000000000001 /* AsianLanguage */;
			targetProxy = 8B000A010000000000000001 /* PBXContainerItemProxy */;
		};
/* End PBXTargetDependency section */

/* Begin XCBuildConfiguration section */
		8B0009010000000000000001 /* Debug */ = {
			isa = XCBuildConfiguration;
			buildSettings = {
				ALWAYS_SEARCH_USER_PATHS = NO;
				CLANG_ANALYZER_NONNULL = YES;
				CLANG_ANALYZER_NUMBER_OBJECT_CONVERSION = YES_AGGRESSIVE;
				CLANG_CXX_LANGUAGE_STANDARD = "gnu++20";
				CLANG_ENABLE_MODULES = YES;
				CLANG_ENABLE_OBJC_ARC = YES;
				CLANG_ENABLE_OBJC_WEAK = YES;
				CLANG_WARN_BLOCK_CAPTURE_AUTORELEASING = YES;
				CLANG_WARN_BOOL_CONVERSION = YES;
				CLANG_WARN_COMMA = YES;
				CLANG_WARN_CONSTANT_CONVERSION = YES;
				CLANG_WARN_DEPRECATED_OBJC_IMPLEMENTATIONS = YES;
				CLANG_WARN_DIRECT_OBJC_ISA_USAGE = YES_ERROR;
				CLANG_WARN_DOCUMENTATION_COMMENTS = YES;
				CLANG_WARN_EMPTY_BODY = YES;
				CLANG_WARN_ENUM_CONVERSION = YES;
				CLANG_WARN_INFINITE_RECURSION = YES;
				CLANG_WARN_INT_CONVERSION = YES;
				CLANG_WARN_NON_LITERAL_NULL_CONVERSION = YES;
				CLANG_WARN_OBJC_IMPLICIT_RETAIN_SELF = YES;
				CLANG_WARN_OBJC_LITERAL_CONVERSION = YES;
				CLANG_WARN_OBJC_ROOT_CLASS = YES_ERROR;
				CLANG_WARN_QUOTED_INCLUDE_IN_FRAMEWORK_HEADER = YES;
				CLANG_WARN_RANGE_LOOP_ANALYSIS = YES;
				CLANG_WARN_STRICT_PROTOTYPES = YES;
				CLANG_WARN_SUSPICIOUS_MOVE = YES;
				CLANG_WARN_UNGUARDED_AVAILABILITY = YES_AGGRESSIVE;
				CLANG_WARN_UNREACHABLE_CODE = YES;
				CLANG_WARN__DUPLICATE_METHOD_MATCH = YES;
				COPY_PHASE_STRIP = NO;
				DEBUG_INFORMATION_FORMAT = dwarf;
				ENABLE_STRICT_OBJC_MSGSEND = YES;
				ENABLE_TESTABILITY = YES;
				ENABLE_USER_SCRIPT_SANDBOXING = YES;
				GCC_C_LANGUAGE_STANDARD = gnu17;
				GCC_DYNAMIC_NO_PIC = NO;
				GCC_NO_COMMON_BLOCKS = YES;
				GCC_OPTIMIZATION_LEVEL = 0;
				GCC_PREPROCESSOR_DEFINITIONS = (
					"DEBUG=1",
					"$(inherited)",
				);
				GCC_WARN_64_TO_32_BIT_CONVERSION = YES;
				GCC_WARN_ABOUT_RETURN_TYPE = YES_ERROR;
				GCC_WARN_UNDECLARED_SELECTOR = YES;
				GCC_WARN_UNINITIALIZED_AUTOS = YES_AGGRESSIVE;
				GCC_WARN_UNUSED_FUNCTION = YES;
				GCC_WARN_UNUSED_VARIABLE = YES;
				IPHONEOS_DEPLOYMENT_TARGET = 17.0;
				MTL_ENABLE_DEBUG_INFO = INCLUDE_SOURCE;
				MTL_FAST_MATH = YES;
				ONLY_ACTIVE_ARCH = YES;
				SDKROOT = iphoneos;
				SWIFT_ACTIVE_COMPILATION_CONDITIONS = DEBUG;
				SWIFT_OPTIMIZATION_LEVEL = "-Onone";
			};
			name = Debug;
		};
		8B0009010000000000000002 /* Release */ = {
			isa = XCBuildConfiguration;
			buildSettings = {
				ALWAYS_SEARCH_USER_PATHS = NO;
				CLANG_ANALYZER_NONNULL = YES;
				CLANG_ANALYZER_NUMBER_OBJECT_CONVERSION = YES_AGGRESSIVE;
				CLANG_CXX_LANGUAGE_STANDARD = "gnu++20";
				CLANG_ENABLE_MODULES = YES;
				CLANG_ENABLE_OBJC_ARC = YES;
				CLANG_ENABLE_OBJC_WEAK = YES;
				CLANG_WARN_BLOCK_CAPTURE_AUTORELEASING = YES;
				CLANG_WARN_BOOL_CONVERSION = YES;
				CLANG_WARN_COMMA = YES;
				CLANG_WARN_CONSTANT_CONVERSION = YES;
				CLANG_WARN_DEPRECATED_OBJC_IMPLEMENTATIONS = YES;
				CLANG_WARN_DIRECT_OBJC_ISA_USAGE = YES_ERROR;
				CLANG_WARN_DOCUMENTATION_COMMENTS = YES;
				CLANG_WARN_EMPTY_BODY = YES;
				CLANG_WARN_ENUM_CONVERSION = YES;
				CLANG_WARN_INFINITE_RECURSION = YES;
				CLANG_WARN_INT_CONVERSION = YES;
				CLANG_WARN_NON_LITERAL_NULL_CONVERSION = YES;
				CLANG_WARN_OBJC_IMPLICIT_RETAIN_SELF = YES;
				CLANG_WARN_OBJC_LITERAL_CONVERSION = YES;
				CLANG_WARN_OBJC_ROOT_CLASS = YES_ERROR;
				CLANG_WARN_QUOTED_INCLUDE_IN_FRAMEWORK_HEADER = YES;
				CLANG_WARN_RANGE_LOOP_ANALYSIS = YES;
				CLANG_WARN_STRICT_PROTOTYPES = YES;
				CLANG_WARN_SUSPICIOUS_MOVE = YES;
				CLANG_WARN_UNGUARDED_AVAILABILITY = YES_AGGRESSIVE;
				CLANG_WARN_UNREACHABLE_CODE = YES;
				CLANG_WARN__DUPLICATE_METHOD_MATCH = YES;
				COPY_PHASE_STRIP = NO;
				DEBUG_INFORMATION_FORMAT = "dwarf-with-dsym";
				ENABLE_NS_ASSERTIONS = NO;
				ENABLE_STRICT_OBJC_MSGSEND = YES;
				ENABLE_USER_SCRIPT_SANDBOXING = YES;
				GCC_C_LANGUAGE_STANDARD = gnu17;
				GCC_NO_COMMON_BLOCKS = YES;
				GCC_WARN_64_TO_32_BIT_CONVERSION = YES;
				GCC_WARN_ABOUT_RETURN_TYPE = YES_ERROR;
				GCC_WARN_UNDECLARED_SELECTOR = YES;
				GCC_WARN_UNINITIALIZED_AUTOS = YES_AGGRESSIVE;
				GCC_WARN_UNUSED_FUNCTION = YES;
				GCC_WARN_UNUSED_VARIABLE = YES;
				IPHONEOS_DEPLOYMENT_TARGET = 17.0;
				MTL_ENABLE_DEBUG_INFO = NO;
				MTL_FAST_MATH = YES;
				SDKROOT = iphoneos;
				SWIFT_COMPILATION_MODE = wholemodule;
				VALIDATE_PRODUCT = YES;
			};
			name = Release;
		};
		8B0009010000000000000003 /* Debug */ = {
			isa = XCBuildConfiguration;
			buildSettings = {
				CODE_SIGN_STYLE = Automatic;
				CURRENT_PROJECT_VERSION = 1;
				DEVELOPMENT_ASSET_PATHS = "";
				DEVELOPMENT_TEAM = "";
				GENERATE_INFOPLIST_FILE = YES;
				INFOPLIST_KEY_CFBundleDisplayName = "Asian Language";
				INFOPLIST_KEY_UILaunchScreen_Generation = YES;
				INFOPLIST_KEY_UIApplicationSceneManifest_Generation = YES;
				INFOPLIST_KEY_UIApplicationSupportsIndirectInputEvents = YES;
				INFOPLIST_KEY_UISupportedInterfaceOrientations_iPhone = "UIInterfaceOrientationPortrait UIInterfaceOrientationPortraitUpsideDown";
				IPHONEOS_DEPLOYMENT_TARGET = 17.0;
				LD_RUNPATH_SEARCH_PATHS = (
					"$(inherited)",
					"@executable_path/Frameworks",
				);
				MARKETING_VERSION = 1.0;
				PRODUCT_BUNDLE_IDENTIFIER = com.steinarbakke.asianlanguage;
				PRODUCT_NAME = "$(TARGET_NAME)";
				SWIFT_EMIT_LOC_STRINGS = YES;
				SWIFT_VERSION = 5.0;
				TARGETED_DEVICE_FAMILY = 1;
			};
			name = Debug;
		};
		8B0009010000000000000004 /* Release */ = {
			isa = XCBuildConfiguration;
			buildSettings = {
				CODE_SIGN_STYLE = Automatic;
				CURRENT_PROJECT_VERSION = 1;
				DEVELOPMENT_ASSET_PATHS = "";
				DEVELOPMENT_TEAM = "";
				GENERATE_INFOPLIST_FILE = YES;
				INFOPLIST_KEY_CFBundleDisplayName = "Asian Language";
				INFOPLIST_KEY_UILaunchScreen_Generation = YES;
				INFOPLIST_KEY_UIApplicationSceneManifest_Generation = YES;
				INFOPLIST_KEY_UIApplicationSupportsIndirectInputEvents = YES;
				INFOPLIST_KEY_UISupportedInterfaceOrientations_iPhone = "UIInterfaceOrientationPortrait UIInterfaceOrientationPortraitUpsideDown";
				IPHONEOS_DEPLOYMENT_TARGET = 17.0;
				LD_RUNPATH_SEARCH_PATHS = (
					"$(inherited)",
					"@executable_path/Frameworks",
				);
				MARKETING_VERSION = 1.0;
				PRODUCT_BUNDLE_IDENTIFIER = com.steinarbakke.asianlanguage;
				PRODUCT_NAME = "$(TARGET_NAME)";
				SWIFT_EMIT_LOC_STRINGS = YES;
				SWIFT_VERSION = 5.0;
				TARGETED_DEVICE_FAMILY = 1;
			};
			name = Release;
		};
		8B0009010000000000000005 /* Debug */ = {
			isa = XCBuildConfiguration;
			buildSettings = {
				ALWAYS_SEARCH_USER_PATHS = NO;
				BUNDLE_LOADER = "$(TEST_HOST)";
				CODE_SIGN_STYLE = Automatic;
				CURRENT_PROJECT_VERSION = 1;
				DEVELOPMENT_TEAM = "";
				GENERATE_INFOPLIST_FILE = YES;
				IPHONEOS_DEPLOYMENT_TARGET = 17.0;
				LD_RUNPATH_SEARCH_PATHS = (
					"$(inherited)",
					"@executable_path/Frameworks",
					"@loader_path/Frameworks",
				);
				MARKETING_VERSION = 1.0;
				PRODUCT_BUNDLE_IDENTIFIER = com.steinarbakke.asianlanguage.tests;
				PRODUCT_NAME = "$(TARGET_NAME)";
				SDKROOT = iphoneos;
				SWIFT_ACTIVE_COMPILATION_CONDITIONS = DEBUG;
				SWIFT_VERSION = 5.0;
				TARGETED_DEVICE_FAMILY = 1;
				TEST_HOST = "$(BUILT_PRODUCTS_DIR)/AsianLanguage.app/$(BUNDLE_EXECUTABLE_FOLDER_PATH)/AsianLanguage";
			};
			name = Debug;
		};
		8B0009010000000000000006 /* Release */ = {
			isa = XCBuildConfiguration;
			buildSettings = {
				ALWAYS_SEARCH_USER_PATHS = NO;
				BUNDLE_LOADER = "$(TEST_HOST)";
				CODE_SIGN_STYLE = Automatic;
				CURRENT_PROJECT_VERSION = 1;
				DEVELOPMENT_TEAM = "";
				GENERATE_INFOPLIST_FILE = YES;
				IPHONEOS_DEPLOYMENT_TARGET = 17.0;
				LD_RUNPATH_SEARCH_PATHS = (
					"$(inherited)",
					"@executable_path/Frameworks",
					"@loader_path/Frameworks",
				);
				MARKETING_VERSION = 1.0;
				PRODUCT_BUNDLE_IDENTIFIER = com.steinarbakke.asianlanguage.tests;
				PRODUCT_NAME = "$(TARGET_NAME)";
				SDKROOT = iphoneos;
				SWIFT_VERSION = 5.0;
				TARGETED_DEVICE_FAMILY = 1;
				TEST_HOST = "$(BUILT_PRODUCTS_DIR)/AsianLanguage.app/$(BUNDLE_EXECUTABLE_FOLDER_PATH)/AsianLanguage";
			};
			name = Release;
		};
/* End XCBuildConfiguration section */

/* Begin XCConfigurationList section */
		8B0007010000000000000001 /* Build configuration list for PBXProject "AsianLanguage" */ = {
			isa = XCConfigurationList;
			buildConfigurations = (
				8B0009010000000000000001 /* Debug */,
				8B0009010000000000000002 /* Release */,
			);
			defaultConfigurationIsVisible = 0;
			defaultConfigurationName = Release;
		};
		8B0007010000000000000002 /* Build configuration list for PBXNativeTarget "AsianLanguage" */ = {
			isa = XCConfigurationList;
			buildConfigurations = (
				8B0009010000000000000003 /* Debug */,
				8B0009010000000000000004 /* Release */,
			);
			defaultConfigurationIsVisible = 0;
			defaultConfigurationName = Release;
		};
		8B0007010000000000000003 /* Build configuration list for PBXNativeTarget "AsianLanguageTests" */ = {
			isa = XCConfigurationList;
			buildConfigurations = (
				8B0009010000000000000005 /* Debug */,
				8B0009010000000000000006 /* Release */,
			);
			defaultConfigurationIsVisible = 0;
			defaultConfigurationName = Release;
		};
/* End XCConfigurationList section */
	};
	rootObject = 8B0008010000000000000001 /* Project object */;
}
